<?xml version="1.0" encoding="utf-8"?>
<Project ToolsVersion="4.0" xmlns="http://schemas.microsoft.com/developer/msbuild/2003">
  <ItemGroup>
    <Filter Include="Header Files">
      <UniqueIdentifier>{93995380-89BD-4b04-88EB-625FBE52EBFB}</UniqueIdentifier>
      <Extensions>h;hh;hpp;hxx;h++;hm;inl;inc;ipp;xsd</Extensions>
    </Filter>
    <Filter Include="Source Files">
      <UniqueIdentifier>{4FC737F1-C7A5-4376-A066-2A32D752A2FF}</UniqueIdentifier>
      <Extensions>cpp;c;cc;cxx;c++;cppm;ixx;def;odl;idl;hpj;bat;asm;asmx</Extensions>
    </Filter>
    <Filter Include="Resource Files">
      <UniqueIdentifier>{67DA6AB6-F800-4c08-8B7A-83BB121AAD01}</UniqueIdentifier>
      <Extensions>rc;ico;cur;bmp;dlg;rc2;rct;bin;rgs;gif;jpg;jpeg;jpe;resx;tiff;tif;png;wav;mfcribbon-ms</Extensions>
    </Filter>
    <Filter Include="Source Files\components">
      <UniqueIdentifier>{e0677bd8-6772-45d1-93e2-47b45dbfa70d}</UniqueIdentifier>
    </Filter>
    <Filter Include="Source Files\ecs">
      <UniqueIdentifier>{55940c83-a284-4f1a-99d7-2caac3d91435}</UniqueIdentifier>
    </Filter>
    <Filter Include="Source Files\game">
      <UniqueIdentifier>{c28c9dcb-db03-42b1-8515-aaf759426f6d}</UniqueIdentifier>
    </Filter>
    <Filter Include="Source Files\json">
      <UniqueIdentifier>{ca1e08b2-c04c-4201-a540-6c34beabd8ef}</UniqueIdentifier>
    </Filter>
    <Filter Include="Source Files\sdlutil">
      <UniqueIdentifier>{65d0cf68-dd69-4e28-bedb-fbef7a41e2f6}</UniqueIdentifier>
    </Filter>
    <Filter Include="Source Files\utils">
      <UniqueIdentifier>{858377a6-03b0-4ff6-9442-51c591655323}</UniqueIdentifier>
    </Filter>
    <Filter Include="Header Files\components">
      <UniqueIdentifier>{068d1dbc-005d-4073-a631-278970ae715e}</UniqueIdentifier>
    </Filter>
    <Filter Include="Header Files\ecs">
      <UniqueIdentifier>{b224de14-da7e-4de8-bac0-af32d4a394f6}</UniqueIdentifier>
    </Filter>
    <Filter Include="Header Files\game">
      <UniqueIdentifier>{692f1ca2-1d21-4dba-874f-87fb25165637}</UniqueIdentifier>
    </Filter>
    <Filter Include="Header Files\json">
      <UniqueIdentifier>{82156fb8-8826-44ff-95a8-a8bc8041e247}</UniqueIdentifier>
    </Filter>
    <Filter Include="Header Files\sdlutil">
      <UniqueIdentifier>{1abfd15d-a961-4876-b8a7-b3096fbe0172}</UniqueIdentifier>
    </Filter>
    <Filter Include="Header Files\utils">
      <UniqueIdentifier>{4399b8be-0199-45fe-9b5a-4252b4c6f101}</UniqueIdentifier>
    </Filter>
    <Filter Include="Header Files\systems">
      <UniqueIdentifier>{35ddebce-c2e8-4e37-8f8f-470783217579}</UniqueIdentifier>
    </Filter>
    <Filter Include="Source Files\systems">
      <UniqueIdentifier>{8df4a76a-5c31-43e6-b2b0-ef78528d7a2f}</UniqueIdentifier>
    </Filter>
  </ItemGroup>
  <ItemGroup>
    <ClCompile Include="src\main.cpp">
      <Filter>Source Files</Filter>
    </ClCompile>
    <ClCompile Include="src\json\JSON.cpp">
      <Filter>Source Files\json</Filter>
    </ClCompile>
    <ClCompile Include="src\json\JSONValue.cpp">
      <Filter>Source Files\json</Filter>
    </ClCompile>
    <ClCompile Include="src\sdlutils\SDLUtils.cpp">
      <Filter>Source Files\sdlutil</Filter>
    </ClCompile>
    <ClCompile Include="src\sdlutils\SoundEffect.cpp">
      <Filter>Source Files\sdlutil</Filter>
    </ClCompile>
    <ClCompile Include="src\sdlutils\Texture.cpp">
      <Filter>Source Files\sdlutil</Filter>
    </ClCompile>
    <ClCompile Include="src\utils\Collisions.cpp">
      <Filter>Source Files\utils</Filter>
    </ClCompile>
    <ClCompile Include="src\utils\Vector2D.cpp">
      <Filter>Source Files\utils</Filter>
    </ClCompile>
    <ClCompile Include="src\game\Game.cpp">
      <Filter>Source Files\game</Filter>
    </ClCompile>
    <ClCompile Include="src\game\GameOverState.cpp">
      <Filter>Source Files\game</Filter>
    </ClCompile>
    <ClCompile Include="src\game\GameState.cpp">
      <Filter>Source Files\game</Filter>
    </ClCompile>
    <ClCompile Include="src\game\NewGameState.cpp">
      <Filter>Source Files\game</Filter>
    </ClCompile>
    <ClCompile Include="src\game\NewRoundState.cpp">
      <Filter>Source Files\game</Filter>
    </ClCompile>
    <ClCompile Include="src\game\PausedState.cpp">
      <Filter>Source Files\game</Filter>
    </ClCompile>
    <ClCompile Include="src\game\RunningState.cpp">
      <Filter>Source Files\game</Filter>
    </ClCompile>
    <ClCompile Include="src\ecs\Manager.cpp">
      <Filter>Source Files\ecs</Filter>
    </ClCompile>
    <ClCompile Include="src\components\Follow.cpp">
      <Filter>Source Files\components</Filter>
    </ClCompile>
    <ClCompile Include="src\components\Health.cpp">
      <Filter>Source Files\components</Filter>
    </ClCompile>
    <ClCompile Include="src\components\Image.cpp">
      <Filter>Source Files\components</Filter>
    </ClCompile>
    <ClCompile Include="src\components\ImageWithFrames.cpp">
      <Filter>Source Files\components</Filter>
    </ClCompile>
    <ClCompile Include="src\components\Transform.cpp">
      <Filter>Source Files\components</Filter>
    </ClCompile>
    <ClCompile Include="src\systems\PacManSystem.cpp">
      <Filter>Source Files\systems</Filter>
    </ClCompile>
    <ClCompile Include="src\systems\GhostSystem.cpp">
      <Filter>Source Files\systems</Filter>
    </ClCompile>
    <ClCompile Include="src\systems\FoodSystem.cpp">
      <Filter>Source Files\systems</Filter>
    </ClCompile>
    <ClCompile Include="src\systems\ImmunitySystem.cpp">
      <Filter>Source Files\systems</Filter>
    </ClCompile>
    <ClCompile Include="src\systems\CollisionsSystem.cpp">
      <Filter>Source Files\systems</Filter>
    </ClCompile>
    <ClCompile Include="src\systems\RenderSystem.cpp">
      <Filter>Source Files\systems</Filter>
    </ClCompile>
  </ItemGroup>
  <ItemGroup>
    <ClInclude Include="src\json\JSON.h">
      <Filter>Header Files\json</Filter>
    </ClInclude>
    <ClInclude Include="src\json\JSONValue.h">
      <Filter>Header Files\json</Filter>
    </ClInclude>
    <ClInclude Include="src\sdlutils\Font.h">
      <Filter>Header Files\sdlutil</Filter>
    </ClInclude>
    <ClInclude Include="src\sdlutils\InputHandler.h">
      <Filter>Header Files\sdlutil</Filter>
    </ClInclude>
    <ClInclude Include="src\sdlutils\macros.h">
      <Filter>Header Files\sdlutil</Filter>
    </ClInclude>
    <ClInclude Include="src\sdlutils\Music.h">
      <Filter>Header Files\sdlutil</Filter>
    </ClInclude>
    <ClInclude Include="src\sdlutils\RandomNumberGenerator.h">
      <Filter>Header Files\sdlutil</Filter>
    </ClInclude>
    <ClInclude Include="src\sdlutils\SDLNetUtils.h">
      <Filter>Header Files\sdlutil</Filter>
    </ClInclude>
    <ClInclude Include="src\sdlutils\SDLUtils.h">
      <Filter>Header Files\sdlutil</Filter>
    </ClInclude>
    <ClInclude Include="src\sdlutils\SoundEffect.h">
      <Filter>Header Files\sdlutil</Filter>
    </ClInclude>
    <ClInclude Include="src\sdlutils\Texture.h">
      <Filter>Header Files\sdlutil</Filter>
    </ClInclude>
    <ClInclude Include="src\sdlutils\VirtualTimer.h">
      <Filter>Header Files\sdlutil</Filter>
    </ClInclude>
    <ClInclude Include="src\utils\Collisions.h">
      <Filter>Header Files\utils</Filter>
    </ClInclude>
    <ClInclude Include="src\utils\DynamicBitSet.h">
      <Filter>Header Files\utils</Filter>
    </ClInclude>
    <ClInclude Include="src\utils\mpl.h">
      <Filter>Header Files\utils</Filter>
    </ClInclude>
    <ClInclude Include="src\utils\ptr_iterator.h">
      <Filter>Header Files\utils</Filter>
    </ClInclude>
    <ClInclude Include="src\utils\Singleton.h">
      <Filter>Header Files\utils</Filter>
    </ClInclude>
    <ClInclude Include="src\utils\Vector2D.h">
      <Filter>Header Files\utils</Filter>
    </ClInclude>
    <ClInclude Include="src\game\ecs_defs.h">
      <Filter>Header Files\game</Filter>
    </ClInclude>
    <ClInclude Include="src\game\Game.h">
      <Filter>Header Files\game</Filter>
    </ClInclude>
    <ClInclude Include="src\game\GameOverState.h">
      <Filter>Header Files\game</Filter>
    </ClInclude>
    <ClInclude Include="src\game\GameState.h">
      <Filter>Header Files\game</Filter>
    </ClInclude>
    <ClInclude Include="src\game\NewGameState.h">
      <Filter>Header Files\game</Filter>
    </ClInclude>
    <ClInclude Include="src\game\NewRoundState.h">
      <Filter>Header Files\game</Filter>
    </ClInclude>
    <ClInclude Include="src\game\PausedState.h">
      <Filter>Header Files\game</Filter>
    </ClInclude>
    <ClInclude Include="src\game\RunningState.h">
      <Filter>Header Files\game</Filter>
    </ClInclude>
    <ClInclude Include="src\ecs\Component.h">
      <Filter>Header Files\ecs</Filter>
    </ClInclude>
    <ClInclude Include="src\ecs\ecs.h">
      <Filter>Header Files\ecs</Filter>
    </ClInclude>
    <ClInclude Include="src\ecs\Entity.h">
      <Filter>Header Files\ecs</Filter>
    </ClInclude>
    <ClInclude Include="src\ecs\Manager.h">
      <Filter>Header Files\ecs</Filter>
    </ClInclude>
    <ClInclude Include="src\ecs\messages.h">
      <Filter>Header Files\ecs</Filter>
    </ClInclude>
    <ClInclude Include="src\ecs\messages_defs_example.h">
      <Filter>Header Files\ecs</Filter>
    </ClInclude>
    <ClInclude Include="src\ecs\System.h">
      <Filter>Header Files\ecs</Filter>
    </ClInclude>
    <ClInclude Include="src\components\Follow.h">
      <Filter>Header Files\components</Filter>
    </ClInclude>
    <ClInclude Include="src\components\Health.h">
      <Filter>Header Files\components</Filter>
    </ClInclude>
    <ClInclude Include="src\components\Image.h">
      <Filter>Header Files\components</Filter>
    </ClInclude>
    <ClInclude Include="src\components\ImageWithFrames.h">
      <Filter>Header Files\components</Filter>
    </ClInclude>
    <ClInclude Include="src\components\Transform.h">
      <Filter>Header Files\components</Filter>
    </ClInclude>
    <ClInclude Include="src\game\messages_defs.h">
      <Filter>Header Files\game</Filter>
    </ClInclude>
    <ClInclude Include="src\systems\PacManSystem.h">
      <Filter>Header Files\systems</Filter>
    </ClInclude>
    <ClInclude Include="src\systems\GhostSystem.h">
      <Filter>Header Files\systems</Filter>
    </ClInclude>
    <ClInclude Include="src\systems\FoodSystem.h">
      <Filter>Header Files\systems</Filter>
    </ClInclude>
    <ClInclude Include="src\systems\ImmunitySystem.h">
      <Filter>Header Files\systems</Filter>
    </ClInclude>
    <ClInclude Include="src\systems\CollisionsSystem.h">
      <Filter>Header Files\systems</Filter>
    </ClInclude>
    <ClInclude Include="src\systems\RenderSystem.h">
      <Filter>Header Files\systems</Filter>
    </ClInclude>
  </ItemGroup>
  <ItemGroup>
    <None Include="resources\config\pacman.config.json">
      <Filter>Resource Files</Filter>
    </None>
    <None Include="resources\config\pacman.resources.json">
      <Filter>Resource Files</Filter>
    </None>
  </ItemGroup>
</Project>