<?xml version="1.0" encoding="utf-8"?>
<Project ToolsVersion="4.0" xmlns="http://schemas.microsoft.com/developer/msbuild/2003">
  <ItemGroup>
    <Filter Include="Header Files">
      <UniqueIdentifier>{93995380-89BD-4b04-88EB-625FBE52EBFB}</UniqueIdentifier>
      <Extensions>h;hh;hpp;hxx;h++;hm;inl;inc;ipp;xsd</Extensions>
    </Filter>
    <Filter Include="Source Files">
      <UniqueIdentifier>{4FC737F1-C7A5-4376-A066-2A32D752A2FF}</UniqueIdentifier>
      <Extensions>cpp;c;cc;cxx;c++;cppm;ixx;def;odl;idl;hpj;bat;asm;asmx</Extensions>
    </Filter>
    <Filter Include="Resource Files">
      <UniqueIdentifier>{67DA6AB6-F800-4c08-8B7A-83BB121AAD01}</UniqueIdentifier>
      <Extensions>rc;ico;cur;bmp;dlg;rc2;rct;bin;rgs;gif;jpg;jpeg;jpe;resx;tiff;tif;png;wav;mfcribbon-ms</Extensions>
    </Filter>
    <Filter Include="Source Files\components">
      <UniqueIdentifier>{e0677bd8-6772-45d1-93e2-47b45dbfa70d}</UniqueIdentifier>
    </Filter>
    <Filter Include="Source Files\ecs">
      <UniqueIdentifier>{55940c83-a284-4f1a-99d7-2caac3d91435}</UniqueIdentifier>
    </Filter>
    <Filter Include="Source Files\game">
      <UniqueIdentifier>{c28c9dcb-db03-42b1-8515-aaf759426f6d}</UniqueIdentifier>
    </Filter>
    <Filter Include="Source Files\json">
      <UniqueIdentifier>{ca1e08b2-c04c-4201-a540-6c34beabd8ef}</UniqueIdentifier>
    </Filter>
    <Filter Include="Source Files\sdlutil">
      <UniqueIdentifier>{65d0cf68-dd69-4e28-bedb-fbef7a41e2f6}</UniqueIdentifier>
    </Filter>
    <Filter Include="Source Files\utils">
      <UniqueIdentifier>{858377a6-03b0-4ff6-9442-51c591655323}</UniqueIdentifier>
    </Filter>
    <Filter Include="Header Files\components">
      <UniqueIdentifier>{068d1dbc-005d-4073-a631-278970ae715e}</UniqueIdentifier>
    </Filter>
    <Filter Include="Header Files\ecs">
      <UniqueIdentifier>{b224de14-da7e-4de8-bac0-af32d4a394f6}</UniqueIdentifier>
    </Filter>
    <Filter Include="Header Files\game">
      <UniqueIdentifier>{692f1ca2-1d21-4dba-874f-87fb25165637}</UniqueIdentifier>
    </Filter>
    <Filter Include="Header Files\json">
      <UniqueIdentifier>{82156fb8-8826-44ff-95a8-a8bc8041e247}</UniqueIdentifier>
    </Filter>
    <Filter Include="Header Files\sdlutil">
      <UniqueIdentifier>{1abfd15d-a961-4876-b8a7-b3096fbe0172}</UniqueIdentifier>
    </Filter>
    <Filter Include="Header Files\utils">
      <UniqueIdentifier>{4399b8be-0199-45fe-9b5a-4252b4c6f101}</UniqueIdentifier>
    </Filter>
  </ItemGroup>
  <ItemGroup>
    <ClCompile Include="src\main.cpp">
      <Filter>Source Files</Filter>
    </ClCompile>
  </ItemGroup>
</Project>